
Microsoft Visual Studio Solution File, Format Version 12.00
# Visual Studio 14
VisualStudioVersion = 14.0.25420.1
MinimumVisualStudioVersion = 10.0.40219.1
Project("{FAE04EC0-301F-11D3-BF4B-00C04F79EFBC}") = "PuppetMaster", "PuppetMaster\PuppetMaster.csproj", "{C6D284BA-D62D-457A-9475-B891B3145295}"
EndProject
Project("{FAE04EC0-301F-11D3-BF4B-00C04F79EFBC}") = "MoPConsole", "MoPConsole\MoPConsole.csproj", "{23295F15-213A-4DE8-AAE9-B2FC44614F00}"
EndProject
Project("{FAE04EC0-301F-11D3-BF4B-00C04F79EFBC}") = "CommonTypes", "CommonTypes\CommonTypes.csproj", "{D41B00E4-7224-4F8E-831B-69E5E89B8F3C}"
EndProject
Project("{FAE04EC0-301F-11D3-BF4B-00C04F79EFBC}") = "MoPForm", "MoPForm\MoPForm.csproj", "{5E627B14-C971-4753-9867-1E3D84C0151D}"
EndProject
Project("{FAE04EC0-301F-11D3-BF4B-00C04F79EFBC}") = "PCS", "PCS\PCS.csproj", "{F7BB6E63-F1FE-4F4B-AE22-6231B2F80D94}"
EndProject
Project("{FAE04EC0-301F-11D3-BF4B-00C04F79EFBC}") = "RemoteInterfaces", "RemoteInterfaces\RemoteInterfaces.csproj", "{F5EC1DFF-B0B7-4A52-84C0-591434CA3FAF}"
EndProject
Project("{FAE04EC0-301F-11D3-BF4B-00C04F79EFBC}") = "Operator", "Operator\Operator.csproj", "{7669426C-FB50-40E4-8751-B359B9DE96CE}"
EndProject
Global
	GlobalSection(SolutionConfigurationPlatforms) = preSolution
		Debug|Any CPU = Debug|Any CPU
		Release|Any CPU = Release|Any CPU
	EndGlobalSection
	GlobalSection(ProjectConfigurationPlatforms) = postSolution
		{C6D284BA-D62D-457A-9475-B891B3145295}.Debug|Any CPU.ActiveCfg = Debug|Any CPU
		{C6D284BA-D62D-457A-9475-B891B3145295}.Debug|Any CPU.Build.0 = Debug|Any CPU
		{C6D284BA-D62D-457A-9475-B891B3145295}.Release|Any CPU.ActiveCfg = Release|Any CPU
		{C6D284BA-D62D-457A-9475-B891B3145295}.Release|Any CPU.Build.0 = Release|Any CPU
		{23295F15-213A-4DE8-AAE9-B2FC44614F00}.Debug|Any CPU.ActiveCfg = Debug|Any CPU
		{23295F15-213A-4DE8-AAE9-B2FC44614F00}.Debug|Any CPU.Build.0 = Debug|Any CPU
		{23295F15-213A-4DE8-AAE9-B2FC44614F00}.Release|Any CPU.ActiveCfg = Release|Any CPU
		{23295F15-213A-4DE8-AAE9-B2FC44614F00}.Release|Any CPU.Build.0 = Release|Any CPU
		{D41B00E4-7224-4F8E-831B-69E5E89B8F3C}.Debug|Any CPU.ActiveCfg = Debug|Any CPU
		{D41B00E4-7224-4F8E-831B-69E5E89B8F3C}.Debug|Any CPU.Build.0 = Debug|Any CPU
		{D41B00E4-7224-4F8E-831B-69E5E89B8F3C}.Release|Any CPU.ActiveCfg = Release|Any CPU
		{D41B00E4-7224-4F8E-831B-69E5E89B8F3C}.Release|Any CPU.Build.0 = Release|Any CPU
		{5E627B14-C971-4753-9867-1E3D84C0151D}.Debug|Any CPU.ActiveCfg = Debug|Any CPU
		{5E627B14-C971-4753-9867-1E3D84C0151D}.Debug|Any CPU.Build.0 = Debug|Any CPU
		{5E627B14-C971-4753-9867-1E3D84C0151D}.Release|Any CPU.ActiveCfg = Release|Any CPU
		{5E627B14-C971-4753-9867-1E3D84C0151D}.Release|Any CPU.Build.0 = Release|Any CPU
		{F7BB6E63-F1FE-4F4B-AE22-6231B2F80D94}.Debug|Any CPU.ActiveCfg = Debug|Any CPU
		{F7BB6E63-F1FE-4F4B-AE22-6231B2F80D94}.Debug|Any CPU.Build.0 = Debug|Any CPU
		{F7BB6E63-F1FE-4F4B-AE22-6231B2F80D94}.Release|Any CPU.ActiveCfg = Release|Any CPU
		{F7BB6E63-F1FE-4F4B-AE22-6231B2F80D94}.Release|Any CPU.Build.0 = Release|Any CPU
		{F5EC1DFF-B0B7-4A52-84C0-591434CA3FAF}.Debug|Any CPU.ActiveCfg = Debug|Any CPU
		{F5EC1DFF-B0B7-4A52-84C0-591434CA3FAF}.Debug|Any CPU.Build.0 = Debug|Any CPU
		{F5EC1DFF-B0B7-4A52-84C0-591434CA3FAF}.Release|Any CPU.ActiveCfg = Release|Any CPU
		{F5EC1DFF-B0B7-4A52-84C0-591434CA3FAF}.Release|Any CPU.Build.0 = Release|Any CPU
		{7669426C-FB50-40E4-8751-B359B9DE96CE}.Debug|Any CPU.ActiveCfg = Debug|Any CPU
		{7669426C-FB50-40E4-8751-B359B9DE96CE}.Debug|Any CPU.Build.0 = Debug|Any CPU
		{7669426C-FB50-40E4-8751-B359B9DE96CE}.Release|Any CPU.ActiveCfg = Release|Any CPU
		{7669426C-FB50-40E4-8751-B359B9DE96CE}.Release|Any CPU.Build.0 = Release|Any CPU
	EndGlobalSection
	GlobalSection(SolutionProperties) = preSolution
		HideSolutionNode = FALSE
	EndGlobalSection
EndGlobal
